
Microsoft Visual Studio Solution File, Format Version 12.00
# Visual Studio Version 16
VisualStudioVersion = 16.0.28729.10
MinimumVisualStudioVersion = 10.0.40219.1
Project("{9A19103F-16F7-4668-BE54-9A1E7A4F7556}") = "ScreenshotService", "ScreenshotService\ScreenshotService.csproj", "{D93E1AE8-54F6-4839-98F0-A0303D2FCBE7}"
EndProject
Project("{9A19103F-16F7-4668-BE54-9A1E7A4F7556}") = "DataAccess", "DataAccess\DataAccess.csproj", "{164D99B8-218C-4986-88FB-D381DF1CD085}"
EndProject
Project("{9A19103F-16F7-4668-BE54-9A1E7A4F7556}") = "UnitTests", "UnitTests\UnitTests.csproj", "{5AC89ADC-2CDA-4606-BA87-54AACC69F35D}"
EndProject
Project("{2150E333-8FDC-42A3-9474-1A3956D46DE8}") = "Solution Items", "Solution Items", "{1619D1DD-38FA-49EB-8566-1D1CB928EB35}"
	ProjectSection(SolutionItems) = preProject
		readme.txt = readme.txt
	EndProjectSection
EndProject
Global
	GlobalSection(SolutionConfigurationPlatforms) = preSolution
		Debug|Any CPU = Debug|Any CPU
		Release|Any CPU = Release|Any CPU
	EndGlobalSection
	GlobalSection(ProjectConfigurationPlatforms) = postSolution
		{D93E1AE8-54F6-4839-98F0-A0303D2FCBE7}.Debug|Any CPU.ActiveCfg = Debug|Any CPU
		{D93E1AE8-54F6-4839-98F0-A0303D2FCBE7}.Debug|Any CPU.Build.0 = Debug|Any CPU
		{D93E1AE8-54F6-4839-98F0-A0303D2FCBE7}.Release|Any CPU.ActiveCfg = Release|Any CPU
		{D93E1AE8-54F6-4839-98F0-A0303D2FCBE7}.Release|Any CPU.Build.0 = Release|Any CPU
		{164D99B8-218C-4986-88FB-D381DF1CD085}.Debug|Any CPU.ActiveCfg = Debug|Any CPU
		{164D99B8-218C-4986-88FB-D381DF1CD085}.Debug|Any CPU.Build.0 = Debug|Any CPU
		{164D99B8-218C-4986-88FB-D381DF1CD085}.Release|Any CPU.ActiveCfg = Release|Any CPU
		{164D99B8-218C-4986-88FB-D381DF1CD085}.Release|Any CPU.Build.0 = Release|Any CPU
		{5AC89ADC-2CDA-4606-BA87-54AACC69F35D}.Debug|Any CPU.ActiveCfg = Debug|Any CPU
		{5AC89ADC-2CDA-4606-BA87-54AACC69F35D}.Debug|Any CPU.Build.0 = Debug|Any CPU
		{5AC89ADC-2CDA-4606-BA87-54AACC69F35D}.Release|Any CPU.ActiveCfg = Release|Any CPU
		{5AC89ADC-2CDA-4606-BA87-54AACC69F35D}.Release|Any CPU.Build.0 = Release|Any CPU
	EndGlobalSection
	GlobalSection(SolutionProperties) = preSolution
		HideSolutionNode = FALSE
	EndGlobalSection
	GlobalSection(ExtensibilityGlobals) = postSolution
		SolutionGuid = {DD4AA285-1F12-44AE-B3B8-F6C3CFCEC5C6}
	EndGlobalSection
EndGlobal
